
Microsoft Visual Studio Solution File, Format Version 12.00
# Visual Studio 15
VisualStudioVersion = 15.0.28307.572
MinimumVisualStudioVersion = 10.0.40219.1
Project("{9A19103F-16F7-4668-BE54-9A1E7A4F7556}") = "ClassLibraryRevit", "ClassLibraryRevit.csproj", "{8C840F99-53B9-4136-A942-48A7387E083C}"
EndProject
Global
	GlobalSection(SolutionConfigurationPlatforms) = preSolution
		Debug|Any CPU = Debug|Any CPU
		Release|Any CPU = Release|Any CPU
	EndGlobalSection
	GlobalSection(ProjectConfigurationPlatforms) = postSolution
		{8C840F99-53B9-4136-A942-48A7387E083C}.Debug|Any CPU.ActiveCfg = Debug|Any CPU
		{8C840F99-53B9-4136-A942-48A7387E083C}.Debug|Any CPU.Build.0 = Debug|Any CPU
		{8C840F99-53B9-4136-A942-48A7387E083C}.Release|Any CPU.ActiveCfg = Release|Any CPU
		{8C840F99-53B9-4136-A942-48A7387E083C}.Release|Any CPU.Build.0 = Release|Any CPU
	EndGlobalSection
	GlobalSection(SolutionProperties) = preSolution
		HideSolutionNode = FALSE
	EndGlobalSection
	GlobalSection(ExtensibilityGlobals) = postSolution
		SolutionGuid = {F04183BB-CA20-4DE0-B589-1FBBE0B7CED7}
	EndGlobalSection
EndGlobal
